// !$*UTF8*$!
{
	archiveVersion = 1;
	classes = {
	};
	objectVersion = 46;
	objects = {

/* Begin PBXBuildFile section */
		5559CF371EBA8A6400815DD9 /* AppDelegate.m in Sources */ = {isa = PBXBuildFile; fileRef = 5559CF361EBA8A6400815DD9 /* AppDelegate.m */; };
		5559CF3A1EBA8A6400815DD9 /* main.m in Sources */ = {isa = PBXBuildFile; fileRef = 5559CF391EBA8A6400815DD9 /* main.m */; };
		5559CF3D1EBA8A6400815DD9 /* ViewController.m in Sources */ = {isa = PBXBuildFile; fileRef = 5559CF3C1EBA8A6400815DD9 /* ViewController.m */; };
		5559CF3F1EBA8A6400815DD9 /* Assets.xcassets in Resources */ = {isa = PBXBuildFile; fileRef = 5559CF3E1EBA8A6400815DD9 /* Assets.xcassets */; };
		5559CF421EBA8A6400815DD9 /* Main.storyboard in Resources */ = {isa = PBXBuildFile; fileRef = 5559CF401EBA8A6400815DD9 /* Main.storyboard */; };
		5559CF501EBA8AE200815DD9 /* ULIResourceFork.m in Sources */ = {isa = PBXBuildFile; fileRef = 5559CF4A1EBA8AE200815DD9 /* ULIResourceFork.m */; };
		5559CF511EBA8AE200815DD9 /* ULIResourceForkStream.m in Sources */ = {isa = PBXBuildFile; fileRef = 5559CF4C1EBA8AE200815DD9 /* ULIResourceForkStream.m */; };
		5559CF521EBA8AE200815DD9 /* ULIStream.m in Sources */ = {isa = PBXBuildFile; fileRef = 5559CF4F1EBA8AE200815DD9 /* ULIStream.m */; };
		5559CF561EBA90DB00815DD9 /* CoreServices.framework in Frameworks */ = {isa = PBXBuildFile; fileRef = 5559CF551EBA90DB00815DD9 /* CoreServices.framework */; };
		55D513C51EBBEB0A0089F5E6 /* NSString+ULIClippingFile.m in Sources */ = {isa = PBXBuildFile; fileRef = 55D513C41EBBEB0A0089F5E6 /* NSString+ULIClippingFile.m */; };
/* End PBXBuildFile section */

/* Begin PBXFileReference section */
		5559CF321EBA8A6400815DD9 /* ULITextClipping.app */ = {isa = PBXFileReference; explicitFileType = wrapper.application; includeInIndex = 0; path = ULITextClipping.app; sourceTree = BUILT_PRODUCTS_DIR; };
		5559CF351EBA8A6400815DD9 /* AppDelegate.h */ = {isa = PBXFileReference; lastKnownFileType = sourcecode.c.h; path = AppDelegate.h; sourceTree = "<group>"; };
		5559CF361EBA8A6400815DD9 /* AppDelegate.m */ = {isa = PBXFileReference; lastKnownFileType = sourcecode.c.objc; path = AppDelegate.m; sourceTree = "<group>"; };
		5559CF391EBA8A6400815DD9 /* main.m */ = {isa = PBXFileReference; lastKnownFileType = sourcecode.c.objc; path = main.m; sourceTree = "<group>"; };
		5559CF3B1EBA8A6400815DD9 /* ViewController.h */ = {isa = PBXFileReference; lastKnownFileType = sourcecode.c.h; path = ViewController.h; sourceTree = "<group>"; };
		5559CF3C1EBA8A6400815DD9 /* ViewController.m */ = {isa = PBXFileReference; lastKnownFileType = sourcecode.c.objc; path = ViewController.m; sourceTree = "<group>"; };
		5559CF3E1EBA8A6400815DD9 /* Assets.xcassets */ = {isa = PBXFileReference; lastKnownFileType = folder.assetcatalog; path = Assets.xcassets; sourceTree = "<group>"; };
		5559CF411EBA8A6400815DD9 /* Base */ = {isa = PBXFileReference; lastKnownFileType = file.storyboard; name = Base; path = Base.lproj/Main.storyboard; sourceTree = "<group>"; };
		5559CF431EBA8A6400815DD9 /* Info.plist */ = {isa = PBXFileReference; lastKnownFileType = text.plist.xml; path = Info.plist; sourceTree = "<group>"; };
		5559CF491EBA8AE200815DD9 /* ULIResourceFork.h */ = {isa = PBXFileReference; fileEncoding = 4; lastKnownFileType = sourcecode.c.h; name = ULIResourceFork.h; path = ULIResourceFork/ULIResourceFile/ULIResourceFork.h; sourceTree = SOURCE_ROOT; };
		5559CF4A1EBA8AE200815DD9 /* ULIResourceFork.m */ = {isa = PBXFileReference; fileEncoding = 4; lastKnownFileType = sourcecode.c.objc; name = ULIResourceFork.m; path = ULIResourceFork/ULIResourceFile/ULIResourceFork.m; sourceTree = SOURCE_ROOT; };
		5559CF4B1EBA8AE200815DD9 /* ULIResourceForkStream.h */ = {isa = PBXFileReference; fileEncoding = 4; lastKnownFileType = sourcecode.c.h; name = ULIResourceForkStream.h; path = ULIResourceFork/ULIResourceFile/ULIResourceForkStream.h; sourceTree = SOURCE_ROOT; };
		5559CF4C1EBA8AE200815DD9 /* ULIResourceForkStream.m */ = {isa = PBXFileReference; fileEncoding = 4; lastKnownFileType = sourcecode.c.objc; name = ULIResourceForkStream.m; path = ULIResourceFork/ULIResourceFile/ULIResourceForkStream.m; sourceTree = SOURCE_ROOT; };
		5559CF4D1EBA8AE200815DD9 /* ULIStream_Private.h */ = {isa = PBXFileReference; fileEncoding = 4; lastKnownFileType = sourcecode.c.h; name = ULIStream_Private.h; path = ULIResourceFork/ULIResourceFile/ULIStream_Private.h; sourceTree = SOURCE_ROOT; };
		5559CF4E1EBA8AE200815DD9 /* ULIStream.h */ = {isa = PBXFileReference; fileEncoding = 4; lastKnownFileType = sourcecode.c.h; name = ULIStream.h; path = ULIResourceFork/ULIResourceFile/ULIStream.h; sourceTree = SOURCE_ROOT; };
		5559CF4F1EBA8AE200815DD9 /* ULIStream.m */ = {isa = PBXFileReference; fileEncoding = 4; lastKnownFileType = sourcecode.c.objc; name = ULIStream.m; path = ULIResourceFork/ULIResourceFile/ULIStream.m; sourceTree = SOURCE_ROOT; };
		5559CF551EBA90DB00815DD9 /* CoreServices.framework */ = {isa = PBXFileReference; lastKnownFileType = wrapper.framework; name = CoreServices.framework; path = System/Library/Frameworks/CoreServices.framework; sourceTree = SDKROOT; };
		55D513C31EBBEB0A0089F5E6 /* NSString+ULIClippingFile.h */ = {isa = PBXFileReference; fileEncoding = 4; lastKnownFileType = sourcecode.c.h; path = "NSString+ULIClippingFile.h"; sourceTree = "<group>"; };
		55D513C41EBBEB0A0089F5E6 /* NSString+ULIClippingFile.m */ = {isa = PBXFileReference; fileEncoding = 4; lastKnownFileType = sourcecode.c.objc; path = "NSString+ULIClippingFile.m"; sourceTree = "<group>"; };
/* End PBXFileReference section */

/* Begin PBXFrameworksBuildPhase section */
		5559CF2F1EBA8A6400815DD9 /* Frameworks */ = {
			isa = PBXFrameworksBuildPhase;
			buildActionMask = 2147483647;
			files = (
				5559CF561EBA90DB00815DD9 /* CoreServices.framework in Frameworks */,
			);
			runOnlyForDeploymentPostprocessing = 0;
		};
/* End PBXFrameworksBuildPhase section */

/* Begin PBXGroup section */
		5559CF291EBA8A6400815DD9 = {
			isa = PBXGroup;
			children = (
				5559CF341EBA8A6400815DD9 /* ULITextClipping */,
				5559CF331EBA8A6400815DD9 /* Products */,
				5559CF541EBA90DB00815DD9 /* Frameworks */,
			);
			sourceTree = "<group>";
		};
		5559CF331EBA8A6400815DD9 /* Products */ = {
			isa = PBXGroup;
			children = (
				5559CF321EBA8A6400815DD9 /* ULITextClipping.app */,
			);
			name = Products;
			sourceTree = "<group>";
		};
		5559CF341EBA8A6400815DD9 /* ULITextClipping */ = {
			isa = PBXGroup;
			children = (
				5559CF351EBA8A6400815DD9 /* AppDelegate.h */,
				5559CF361EBA8A6400815DD9 /* AppDelegate.m */,
				5559CF3B1EBA8A6400815DD9 /* ViewController.h */,
				5559CF3C1EBA8A6400815DD9 /* ViewController.m */,
				55D513C31EBBEB0A0089F5E6 /* NSString+ULIClippingFile.h */,
				55D513C41EBBEB0A0089F5E6 /* NSString+ULIClippingFile.m */,
				5559CF531EBA8AF000815DD9 /* ULIResourceFork */,
				5559CF3E1EBA8A6400815DD9 /* Assets.xcassets */,
				5559CF401EBA8A6400815DD9 /* Main.storyboard */,
				5559CF431EBA8A6400815DD9 /* Info.plist */,
				5559CF381EBA8A6400815DD9 /* Supporting Files */,
			);
			path = ULITextClipping;
			sourceTree = "<group>";
		};
		5559CF381EBA8A6400815DD9 /* Supporting Files */ = {
			isa = PBXGroup;
			children = (
				5559CF391EBA8A6400815DD9 /* main.m */,
			);
			name = "Supporting Files";
			sourceTree = "<group>";
		};
		5559CF531EBA8AF000815DD9 /* ULIResourceFork */ = {
			isa = PBXGroup;
			children = (
				5559CF491EBA8AE200815DD9 /* ULIResourceFork.h */,
				5559CF4A1EBA8AE200815DD9 /* ULIResourceFork.m */,
				5559CF4B1EBA8AE200815DD9 /* ULIResourceForkStream.h */,
				5559CF4C1EBA8AE200815DD9 /* ULIResourceForkStream.m */,
				5559CF4D1EBA8AE200815DD9 /* ULIStream_Private.h */,
				5559CF4E1EBA8AE200815DD9 /* ULIStream.h */,
				5559CF4F1EBA8AE200815DD9 /* ULIStream.m */,
			);
			name = ULIResourceFork;
			sourceTree = "<group>";
		};
		5559CF541EBA90DB00815DD9 /* Frameworks */ = {
			isa = PBXGroup;
			children = (
				5559CF551EBA90DB00815DD9 /* CoreServices.framework */,
			);
			name = Frameworks;
			sourceTree = "<group>";
		};
/* End PBXGroup section */

/* Begin PBXNativeTarget section */
		5559CF311EBA8A6400815DD9 /* ULITextClipping */ = {
			isa = PBXNativeTarget;
			buildConfigurationList = 5559CF461EBA8A6400815DD9 /* Build configuration list for PBXNativeTarget "ULITextClipping" */;
			buildPhases = (
				5559CF2E1EBA8A6400815DD9 /* Sources */,
				5559CF2F1EBA8A6400815DD9 /* Frameworks */,
				5559CF301EBA8A6400815DD9 /* Resources */,
			);
			buildRules = (
			);
			dependencies = (
			);
			name = ULITextClipping;
			productName = ULITextClipping;
			productReference = 5559CF321EBA8A6400815DD9 /* ULITextClipping.app */;
			productType = "com.apple.product-type.application";
		};
/* End PBXNativeTarget section */

/* Begin PBXProject section */
		5559CF2A1EBA8A6400815DD9 /* Project object */ = {
			isa = PBXProject;
			attributes = {
				LastUpgradeCheck = 0830;
				ORGANIZATIONNAME = "Uli Kusterer";
				TargetAttributes = {
					5559CF311EBA8A6400815DD9 = {
						CreatedOnToolsVersion = 8.3.2;
						DevelopmentTeam = RCKXACKVZS;
						ProvisioningStyle = Automatic;
					};
				};
			};
			buildConfigurationList = 5559CF2D1EBA8A6400815DD9 /* Build configuration list for PBXProject "ULITextClipping" */;
			compatibilityVersion = "Xcode 3.2";
			developmentRegion = English;
			hasScannedForEncodings = 0;
			knownRegions = (
				en,
				Base,
			);
			mainGroup = 5559CF291EBA8A6400815DD9;
			productRefGroup = 5559CF331EBA8A6400815DD9 /* Products */;
			projectDirPath = "";
			projectRoot = "";
			targets = (
				5559CF311EBA8A6400815DD9 /* ULITextClipping */,
			);
		};
/* End PBXProject section */

/* Begin PBXResourcesBuildPhase section */
		5559CF301EBA8A6400815DD9 /* Resources */ = {
			isa = PBXResourcesBuildPhase;
			buildActionMask = 2147483647;
			files = (
				5559CF3F1EBA8A6400815DD9 /* Assets.xcassets in Resources */,
				5559CF421EBA8A6400815DD9 /* Main.storyboard in Resources */,
			);
			runOnlyForDeploymentPostprocessing = 0;
		};
/* End PBXResourcesBuildPhase section */

/* Begin PBXSourcesBuildPhase section */
		5559CF2E1EBA8A6400815DD9 /* Sources */ = {
			isa = PBXSourcesBuildPhase;
			buildActionMask = 2147483647;
			files = (
				5559CF511EBA8AE200815DD9 /* ULIResourceForkStream.m in Sources */,
				55D513C51EBBEB0A0089F5E6 /* NSString+ULIClippingFile.m in Sources */,
				5559CF501EBA8AE200815DD9 /* ULIResourceFork.m in Sources */,
				5559CF521EBA8AE200815DD9 /* ULIStream.m in Sources */,
				5559CF3D1EBA8A6400815DD9 /* ViewController.m in Sources */,
				5559CF3A1EBA8A6400815DD9 /* main.m in Sources */,
				5559CF371EBA8A6400815DD9 /* AppDelegate.m in Sources */,
			);
			runOnlyForDeploymentPostprocessing = 0;
		};
/* End PBXSourcesBuildPhase section */

/* Begin PBXVariantGroup section */
		5559CF401EBA8A6400815DD9 /* Main.storyboard */ = {
			isa = PBXVariantGroup;
			children = (
				5559CF411EBA8A6400815DD9 /* Base */,
			);
			name = Main.storyboard;
			sourceTree = "<group>";
		};
/* End PBXVariantGroup section */

/* Begin XCBuildConfiguration section */
		5559CF441EBA8A6400815DD9 /* Debug */ = {
			isa = XCBuildConfiguration;
			buildSettings = {
				ALWAYS_SEARCH_USER_PATHS = NO;
				CLANG_ANALYZER_NONNULL = YES;
				CLANG_ANALYZER_NUMBER_OBJECT_CONVERSION = YES_AGGRESSIVE;
				CLANG_CXX_LANGUAGE_STANDARD = "gnu++0x";
				CLANG_CXX_LIBRARY = "libc++";
				CLANG_ENABLE_MODULES = YES;
				CLANG_ENABLE_OBJC_ARC = YES;
				CLANG_WARN_BOOL_CONVERSION = YES;
				CLANG_WARN_CONSTANT_CONVERSION = YES;
				CLANG_WARN_DIRECT_OBJC_ISA_USAGE = YES_ERROR;
				CLANG_WARN_DOCUMENTATION_COMMENTS = YES;
				CLANG_WARN_EMPTY_BODY = YES;
				CLANG_WARN_ENUM_CONVERSION = YES;
				CLANG_WARN_INFINITE_RECURSION = YES;
				CLANG_WARN_INT_CONVERSION = YES;
				CLANG_WARN_OBJC_ROOT_CLASS = YES_ERROR;
				CLANG_WARN_SUSPICIOUS_MOVE = YES;
				CLANG_WARN_UNREACHABLE_CODE = YES;
				CLANG_WARN__DUPLICATE_METHOD_MATCH = YES;
				CODE_SIGN_IDENTITY = "-";
				COPY_PHASE_STRIP = NO;
				DEBUG_INFORMATION_FORMAT = dwarf;
				ENABLE_STRICT_OBJC_MSGSEND = YES;
				ENABLE_TESTABILITY = YES;
				GCC_C_LANGUAGE_STANDARD = gnu99;
				GCC_DYNAMIC_NO_PIC = NO;
				GCC_NO_COMMON_BLOCKS = YES;
				GCC_OPTIMIZATION_LEVEL = 0;
				GCC_PREPROCESSOR_DEFINITIONS = (
					"DEBUG=1",
					"$(inherited)",
				);
				GCC_WARN_64_TO_32_BIT_CONVERSION = YES;
				GCC_WARN_ABOUT_RETURN_TYPE = YES_ERROR;
				GCC_WARN_UNDECLARED_SELECTOR = YES;
				GCC_WARN_UNINITIALIZED_AUTOS = YES_AGGRESSIVE;
				GCC_WARN_UNUSED_FUNCTION = YES;
				GCC_WARN_UNUSED_VARIABLE = YES;
				MACOSX_DEPLOYMENT_TARGET = 10.12;
				MTL_ENABLE_DEBUG_INFO = YES;
				ONLY_ACTIVE_ARCH = YES;
				SDKROOT = macosx;
			};
			name = Debug;
		};
		5559CF451EBA8A6400815DD9 /* Release */ = {
			isa = XCBuildConfiguration;
			buildSettings = {
				ALWAYS_SEARCH_USER_PATHS = NO;
				CLANG_ANALYZER_NONNULL = YES;
				CLANG_ANALYZER_NUMBER_OBJECT_CONVERSION = YES_AGGRESSIVE;
				CLANG_CXX_LANGUAGE_STANDARD = "gnu++0x";
				CLANG_CXX_LIBRARY = "libc++";
				CLANG_ENABLE_MODULES = YES;
				CLANG_ENABLE_OBJC_ARC = YES;
				CLANG_WARN_BOOL_CONVERSION = YES;
				CLANG_WARN_CONSTANT_CONVERSION = YES;
				CLANG_WARN_DIRECT_OBJC_ISA_USAGE = YES_ERROR;
				CLANG_WARN_DOCUMENTATION_COMMENTS = YES;
				CLANG_WARN_EMPTY_BODY = YES;
				CLANG_WARN_ENUM_CONVERSION = YES;
				CLANG_WARN_INFINITE_RECURSION = YES;
				CLANG_WARN_INT_CONVERSION = YES;
				CLANG_WARN_OBJC_ROOT_CLASS = YES_ERROR;
				CLANG_WARN_SUSPICIOUS_MOVE = YES;
				CLANG_WARN_UNREACHABLE_CODE = YES;
				CLANG_WARN__DUPLICATE_METHOD_MATCH = YES;
				CODE_SIGN_IDENTITY = "-";
				COPY_PHASE_STRIP = NO;
				DEBUG_INFORMATION_FORMAT = "dwarf-with-dsym";
				ENABLE_NS_ASSERTIONS = NO;
				ENABLE_STRICT_OBJC_MSGSEND = YES;
				GCC_C_LANGUAGE_STANDARD = gnu99;
				GCC_NO_COMMON_BLOCKS = YES;
				GCC_WARN_64_TO_32_BIT_CONVERSION = YES;
				GCC_WARN_ABOUT_RETURN_TYPE = YES_ERROR;
				GCC_WARN_UNDECLARED_SELECTOR = YES;
				GCC_WARN_UNINITIALIZED_AUTOS = YES_AGGRESSIVE;
				GCC_WARN_UNUSED_FUNCTION = YES;
				GCC_WARN_UNUSED_VARIABLE = YES;
				MACOSX_DEPLOYMENT_TARGET = 10.12;
				MTL_ENABLE_DEBUG_INFO = NO;
				SDKROOT = macosx;
			};
			name = Release;
		};
		5559CF471EBA8A6400815DD9 /* Debug */ = {
			isa = XCBuildConfiguration;
			buildSettings = {
				ASSETCATALOG_COMPILER_APPICON_NAME = AppIcon;
				COMBINE_HIDPI_IMAGES = YES;
				DEVELOPMENT_TEAM = RCKXACKVZS;
				INFOPLIST_FILE = ULITextClipping/Info.plist;
				LD_RUNPATH_SEARCH_PATHS = "$(inherited) @executable_path/../Frameworks";
				PRODUCT_BUNDLE_IDENTIFIER = com.thevoidsoftware.ULITextClipping;
				PRODUCT_NAME = "$(TARGET_NAME)";
			};
			name = Debug;
		};
		5559CF481EBA8A6400815DD9 /* Release */ = {
			isa = XCBuildConfiguration;
			buildSettings = {
				ASSETCATALOG_COMPILER_APPICON_NAME = AppIcon;
				COMBINE_HIDPI_IMAGES = YES;
				DEVELOPMENT_TEAM = RCKXACKVZS;
				INFOPLIST_FILE = ULITextClipping/Info.plist;
				LD_RUNPATH_SEARCH_PATHS = "$(inherited) @executable_path/../Frameworks";
				PRODUCT_BUNDLE_IDENTIFIER = com.thevoidsoftware.ULITextClipping;
				PRODUCT_NAME = "$(TARGET_NAME)";
			};
			name = Release;
		};
/* End XCBuildConfiguration section */

/* Begin XCConfigurationList section */
		5559CF2D1EBA8A6400815DD9 /* Build configuration list for PBXProject "ULITextClipping" */ = {
			isa = XCConfigurationList;
			buildConfigurations = (
				5559CF441EBA8A6400815DD9 /* Debug */,
				5559CF451EBA8A6400815DD9 /* Release */,
			);
			defaultConfigurationIsVisible = 0;
			defaultConfigurationName = Release;
		};
		5559CF461EBA8A6400815DD9 /* Build configuration list for PBXNativeTarget "ULITextClipping" */ = {
			isa = XCConfigurationList;
			buildConfigurations = (
				5559CF471EBA8A6400815DD9 /* Debug */,
				5559CF481EBA8A6400815DD9 /* Release */,
			);
			defaultConfigurationIsVisible = 0;
			defaultConfigurationName = Release;
		};
/* End XCConfigurationList section */
	};
	rootObject = 5559CF2A1EBA8A6400815DD9 /* Project object */;
}
